// !$*UTF8*$!
{
	archiveVersion = 1;
	classes = {
	};
	objectVersion = 48;
	objects = {

/* Begin PBXBuildFile section */
		4F0B34531F5EB558007ACCF6 /* EvBufferAdapter.cpp in Sources */ = {isa = PBXBuildFile; fileRef = 4F0B34511F5EB558007ACCF6 /* EvBufferAdapter.cpp */; };
		4F0B345B1F5F1DBD007ACCF6 /* main.cpp in Sources */ = {isa = PBXBuildFile; fileRef = 4F0B345A1F5F1DBD007ACCF6 /* main.cpp */; };
		4F0B34611F5FAFDA007ACCF6 /* ProtocolSyntax.cpp in Sources */ = {isa = PBXBuildFile; fileRef = 4F0B345F1F5FAFDA007ACCF6 /* ProtocolSyntax.cpp */; };
		4F0B34651F5FB04B007ACCF6 /* EchoProtocolSyntaxAdapter.cpp in Sources */ = {isa = PBXBuildFile; fileRef = 4F0B34631F5FB04B007ACCF6 /* EchoProtocolSyntaxAdapter.cpp */; };
		4F0B34681F5FC0F9007ACCF6 /* ConsoleEchoProtocolSyntaxAdapter.cpp in Sources */ = {isa = PBXBuildFile; fileRef = 4F0B34661F5FC0F9007ACCF6 /* ConsoleEchoProtocolSyntaxAdapter.cpp */; };
		4F0B346C1F5FE5BF007ACCF6 /* CustomSyntaxAdapter.cpp in Sources */ = {isa = PBXBuildFile; fileRef = 4F0B346A1F5FE5BF007ACCF6 /* CustomSyntaxAdapter.cpp */; };
		4F912B4A1F63EB1100A87CD2 /* TCPConnectionFactory.cpp in Sources */ = {isa = PBXBuildFile; fileRef = 4F912B481F63EB1100A87CD2 /* TCPConnectionFactory.cpp */; };
		4FC591E11F6435F9002DB17B /* Socks5ProtocolSyntaxAdapter.cpp in Sources */ = {isa = PBXBuildFile; fileRef = 4FC591DF1F6435F9002DB17B /* Socks5ProtocolSyntaxAdapter.cpp */; };
		4FC591E81F66DF2A002DB17B /* Socks5State.cpp in Sources */ = {isa = PBXBuildFile; fileRef = 4FC591E61F66DF2A002DB17B /* Socks5State.cpp */; };
		4FC591EB1F66E3CE002DB17B /* Socks5AuthState.cpp in Sources */ = {isa = PBXBuildFile; fileRef = 4FC591E91F66E3CE002DB17B /* Socks5AuthState.cpp */; };
		4FC591EE1F66E3FB002DB17B /* Socks5TransmitState.cpp in Sources */ = {isa = PBXBuildFile; fileRef = 4FC591EC1F66E3FB002DB17B /* Socks5TransmitState.cpp */; };
		4FC591F41F696D77002DB17B /* Socks5LinkRequestState.cpp in Sources */ = {isa = PBXBuildFile; fileRef = 4FC591F21F696D77002DB17B /* Socks5LinkRequestState.cpp */; };
		4FC64E151F5D89A50030CE92 /* main.cpp in Sources */ = {isa = PBXBuildFile; fileRef = 4FC64E141F5D89A50030CE92 /* main.cpp */; };
		4FC64E1D1F5D8A190030CE92 /* SocketAddress.cpp in Sources */ = {isa = PBXBuildFile; fileRef = 4FC64E1B1F5D8A190030CE92 /* SocketAddress.cpp */; };
		4FC64E201F5D8A2C0030CE92 /* EventCallbackInterface.cpp in Sources */ = {isa = PBXBuildFile; fileRef = 4FC64E1E1F5D8A2C0030CE92 /* EventCallbackInterface.cpp */; };
		4FC64E231F5D8A410030CE92 /* TCPServer.cpp in Sources */ = {isa = PBXBuildFile; fileRef = 4FC64E211F5D8A410030CE92 /* TCPServer.cpp */; };
		4FC64E261F5D8A4B0030CE92 /* UDPServer.cpp in Sources */ = {isa = PBXBuildFile; fileRef = 4FC64E241F5D8A4B0030CE92 /* UDPServer.cpp */; };
		4FC64E291F5D8A600030CE92 /* TCPConnection.cpp in Sources */ = {isa = PBXBuildFile; fileRef = 4FC64E271F5D8A600030CE92 /* TCPConnection.cpp */; };
		4FC64E2C1F5D8A6E0030CE92 /* UDPConnection.cpp in Sources */ = {isa = PBXBuildFile; fileRef = 4FC64E2A1F5D8A6E0030CE92 /* UDPConnection.cpp */; };
		4FC64E351F5D8A8B0030CE92 /* Stream.cpp in Sources */ = {isa = PBXBuildFile; fileRef = 4FC64E331F5D8A8B0030CE92 /* Stream.cpp */; };
		4FC64E381F5D8AB10030CE92 /* Buffer.cpp in Sources */ = {isa = PBXBuildFile; fileRef = 4FC64E361F5D8AB10030CE92 /* Buffer.cpp */; };
		4FC64E3B1F5D8ABC0030CE92 /* BufferQueue.cpp in Sources */ = {isa = PBXBuildFile; fileRef = 4FC64E391F5D8ABC0030CE92 /* BufferQueue.cpp */; };
		4FC64E421F5D90480030CE92 /* SocketException.cpp in Sources */ = {isa = PBXBuildFile; fileRef = 4FC64E401F5D90480030CE92 /* SocketException.cpp */; };
		4FC64E4A1F5DB9410030CE92 /* main.c in Sources */ = {isa = PBXBuildFile; fileRef = 4FC64E491F5DB9410030CE92 /* main.c */; };
/* End PBXBuildFile section */

/* Begin PBXCopyFilesBuildPhase section */
		4F0B34561F5F1DBD007ACCF6 /* CopyFiles */ = {
			isa = PBXCopyFilesBuildPhase;
			buildActionMask = 2147483647;
			dstPath = /usr/share/man/man1/;
			dstSubfolderSpec = 0;
			files = (
			);
			runOnlyForDeploymentPostprocessing = 1;
		};
		4FC64E0F1F5D89A50030CE92 /* CopyFiles */ = {
			isa = PBXCopyFilesBuildPhase;
			buildActionMask = 2147483647;
			dstPath = /usr/share/man/man1/;
			dstSubfolderSpec = 0;
			files = (
			);
			runOnlyForDeploymentPostprocessing = 1;
		};
		4FC64E451F5DB9410030CE92 /* CopyFiles */ = {
			isa = PBXCopyFilesBuildPhase;
			buildActionMask = 2147483647;
			dstPath = /usr/share/man/man1/;
			dstSubfolderSpec = 0;
			files = (
			);
			runOnlyForDeploymentPostprocessing = 1;
		};
/* End PBXCopyFilesBuildPhase section */

/* Begin PBXFileReference section */
		4F0B34511F5EB558007ACCF6 /* EvBufferAdapter.cpp */ = {isa = PBXFileReference; lastKnownFileType = sourcecode.cpp.cpp; path = EvBufferAdapter.cpp; sourceTree = "<group>"; };
		4F0B34521F5EB558007ACCF6 /* EvBufferAdapter.hpp */ = {isa = PBXFileReference; lastKnownFileType = sourcecode.cpp.h; path = EvBufferAdapter.hpp; sourceTree = "<group>"; };
		4F0B34581F5F1DBD007ACCF6 /* test_somethine */ = {isa = PBXFileReference; explicitFileType = "compiled.mach-o.executable"; includeInIndex = 0; path = test_somethine; sourceTree = BUILT_PRODUCTS_DIR; };
		4F0B345A1F5F1DBD007ACCF6 /* main.cpp */ = {isa = PBXFileReference; lastKnownFileType = sourcecode.cpp.cpp; path = main.cpp; sourceTree = "<group>"; };
		4F0B345F1F5FAFDA007ACCF6 /* ProtocolSyntax.cpp */ = {isa = PBXFileReference; lastKnownFileType = sourcecode.cpp.cpp; path = ProtocolSyntax.cpp; sourceTree = "<group>"; };
		4F0B34601F5FAFDA007ACCF6 /* ProtocolSyntax.hpp */ = {isa = PBXFileReference; lastKnownFileType = sourcecode.cpp.h; path = ProtocolSyntax.hpp; sourceTree = "<group>"; };
		4F0B34631F5FB04B007ACCF6 /* EchoProtocolSyntaxAdapter.cpp */ = {isa = PBXFileReference; lastKnownFileType = sourcecode.cpp.cpp; path = EchoProtocolSyntaxAdapter.cpp; sourceTree = "<group>"; };
		4F0B34641F5FB04B007ACCF6 /* EchoProtocolSyntaxAdapter.hpp */ = {isa = PBXFileReference; lastKnownFileType = sourcecode.cpp.h; path = EchoProtocolSyntaxAdapter.hpp; sourceTree = "<group>"; };
		4F0B34661F5FC0F9007ACCF6 /* ConsoleEchoProtocolSyntaxAdapter.cpp */ = {isa = PBXFileReference; lastKnownFileType = sourcecode.cpp.cpp; path = ConsoleEchoProtocolSyntaxAdapter.cpp; sourceTree = "<group>"; };
		4F0B34671F5FC0F9007ACCF6 /* ConsoleEchoProtocolSyntaxAdapter.hpp */ = {isa = PBXFileReference; lastKnownFileType = sourcecode.cpp.h; path = ConsoleEchoProtocolSyntaxAdapter.hpp; sourceTree = "<group>"; };
		4F0B346A1F5FE5BF007ACCF6 /* CustomSyntaxAdapter.cpp */ = {isa = PBXFileReference; lastKnownFileType = sourcecode.cpp.cpp; path = CustomSyntaxAdapter.cpp; sourceTree = "<group>"; };
		4F0B346B1F5FE5BF007ACCF6 /* CustomSyntaxAdapter.hpp */ = {isa = PBXFileReference; lastKnownFileType = sourcecode.cpp.h; path = CustomSyntaxAdapter.hpp; sourceTree = "<group>"; };
		4F912B481F63EB1100A87CD2 /* TCPConnectionFactory.cpp */ = {isa = PBXFileReference; lastKnownFileType = sourcecode.cpp.cpp; path = TCPConnectionFactory.cpp; sourceTree = "<group>"; };
		4F912B491F63EB1100A87CD2 /* TCPConnectionFactory.hpp */ = {isa = PBXFileReference; lastKnownFileType = sourcecode.cpp.h; path = TCPConnectionFactory.hpp; sourceTree = "<group>"; };
		4FC591DF1F6435F9002DB17B /* Socks5ProtocolSyntaxAdapter.cpp */ = {isa = PBXFileReference; lastKnownFileType = sourcecode.cpp.cpp; path = Socks5ProtocolSyntaxAdapter.cpp; sourceTree = "<group>"; };
		4FC591E01F6435F9002DB17B /* Socks5ProtocolSyntaxAdapter.hpp */ = {isa = PBXFileReference; lastKnownFileType = sourcecode.cpp.h; path = Socks5ProtocolSyntaxAdapter.hpp; sourceTree = "<group>"; };
		4FC591E61F66DF2A002DB17B /* Socks5State.cpp */ = {isa = PBXFileReference; lastKnownFileType = sourcecode.cpp.cpp; path = Socks5State.cpp; sourceTree = "<group>"; };
		4FC591E71F66DF2A002DB17B /* Socks5State.hpp */ = {isa = PBXFileReference; lastKnownFileType = sourcecode.cpp.h; path = Socks5State.hpp; sourceTree = "<group>"; };
		4FC591E91F66E3CE002DB17B /* Socks5AuthState.cpp */ = {isa = PBXFileReference; lastKnownFileType = sourcecode.cpp.cpp; path = Socks5AuthState.cpp; sourceTree = "<group>"; };
		4FC591EA1F66E3CE002DB17B /* Socks5AuthState.hpp */ = {isa = PBXFileReference; lastKnownFileType = sourcecode.cpp.h; path = Socks5AuthState.hpp; sourceTree = "<group>"; };
		4FC591EC1F66E3FB002DB17B /* Socks5TransmitState.cpp */ = {isa = PBXFileReference; lastKnownFileType = sourcecode.cpp.cpp; path = Socks5TransmitState.cpp; sourceTree = "<group>"; };
		4FC591ED1F66E3FB002DB17B /* Socks5TransmitState.hpp */ = {isa = PBXFileReference; lastKnownFileType = sourcecode.cpp.h; path = Socks5TransmitState.hpp; sourceTree = "<group>"; };
		4FC591F21F696D77002DB17B /* Socks5LinkRequestState.cpp */ = {isa = PBXFileReference; lastKnownFileType = sourcecode.cpp.cpp; path = Socks5LinkRequestState.cpp; sourceTree = "<group>"; };
		4FC591F31F696D77002DB17B /* Socks5LinkRequestState.hpp */ = {isa = PBXFileReference; lastKnownFileType = sourcecode.cpp.h; path = Socks5LinkRequestState.hpp; sourceTree = "<group>"; };
		4FC64E111F5D89A50030CE92 /* EventPP */ = {isa = PBXFileReference; explicitFileType = "compiled.mach-o.executable"; includeInIndex = 0; path = EventPP; sourceTree = BUILT_PRODUCTS_DIR; };
		4FC64E141F5D89A50030CE92 /* main.cpp */ = {isa = PBXFileReference; lastKnownFileType = sourcecode.cpp.cpp; path = main.cpp; sourceTree = "<group>"; };
		4FC64E1B1F5D8A190030CE92 /* SocketAddress.cpp */ = {isa = PBXFileReference; lastKnownFileType = sourcecode.cpp.cpp; path = SocketAddress.cpp; sourceTree = "<group>"; };
		4FC64E1C1F5D8A190030CE92 /* SocketAddress.hpp */ = {isa = PBXFileReference; lastKnownFileType = sourcecode.cpp.h; path = SocketAddress.hpp; sourceTree = "<group>"; };
		4FC64E1E1F5D8A2C0030CE92 /* EventCallbackInterface.cpp */ = {isa = PBXFileReference; lastKnownFileType = sourcecode.cpp.cpp; path = EventCallbackInterface.cpp; sourceTree = "<group>"; };
		4FC64E1F1F5D8A2C0030CE92 /* EventCallbackInterface.hpp */ = {isa = PBXFileReference; lastKnownFileType = sourcecode.cpp.h; path = EventCallbackInterface.hpp; sourceTree = "<group>"; };
		4FC64E211F5D8A410030CE92 /* TCPServer.cpp */ = {isa = PBXFileReference; lastKnownFileType = sourcecode.cpp.cpp; path = TCPServer.cpp; sourceTree = "<group>"; };
		4FC64E221F5D8A410030CE92 /* TCPServer.hpp */ = {isa = PBXFileReference; lastKnownFileType = sourcecode.cpp.h; path = TCPServer.hpp; sourceTree = "<group>"; };
		4FC64E241F5D8A4B0030CE92 /* UDPServer.cpp */ = {isa = PBXFileReference; lastKnownFileType = sourcecode.cpp.cpp; path = UDPServer.cpp; sourceTree = "<group>"; };
		4FC64E251F5D8A4B0030CE92 /* UDPServer.hpp */ = {isa = PBXFileReference; lastKnownFileType = sourcecode.cpp.h; path = UDPServer.hpp; sourceTree = "<group>"; };
		4FC64E271F5D8A600030CE92 /* TCPConnection.cpp */ = {isa = PBXFileReference; lastKnownFileType = sourcecode.cpp.cpp; path = TCPConnection.cpp; sourceTree = "<group>"; };
		4FC64E281F5D8A600030CE92 /* TCPConnection.hpp */ = {isa = PBXFileReference; lastKnownFileType = sourcecode.cpp.h; path = TCPConnection.hpp; sourceTree = "<group>"; };
		4FC64E2A1F5D8A6E0030CE92 /* UDPConnection.cpp */ = {isa = PBXFileReference; lastKnownFileType = sourcecode.cpp.cpp; path = UDPConnection.cpp; sourceTree = "<group>"; };
		4FC64E2B1F5D8A6E0030CE92 /* UDPConnection.hpp */ = {isa = PBXFileReference; lastKnownFileType = sourcecode.cpp.h; path = UDPConnection.hpp; sourceTree = "<group>"; };
		4FC64E331F5D8A8B0030CE92 /* Stream.cpp */ = {isa = PBXFileReference; lastKnownFileType = sourcecode.cpp.cpp; path = Stream.cpp; sourceTree = "<group>"; };
		4FC64E341F5D8A8B0030CE92 /* Stream.hpp */ = {isa = PBXFileReference; lastKnownFileType = sourcecode.cpp.h; path = Stream.hpp; sourceTree = "<group>"; };
		4FC64E361F5D8AB10030CE92 /* Buffer.cpp */ = {isa = PBXFileReference; lastKnownFileType = sourcecode.cpp.cpp; path = Buffer.cpp; sourceTree = "<group>"; };
		4FC64E371F5D8AB10030CE92 /* Buffer.hpp */ = {isa = PBXFileReference; lastKnownFileType = sourcecode.cpp.h; path = Buffer.hpp; sourceTree = "<group>"; };
		4FC64E391F5D8ABC0030CE92 /* BufferQueue.cpp */ = {isa = PBXFileReference; lastKnownFileType = sourcecode.cpp.cpp; path = BufferQueue.cpp; sourceTree = "<group>"; };
		4FC64E3A1F5D8ABC0030CE92 /* BufferQueue.hpp */ = {isa = PBXFileReference; lastKnownFileType = sourcecode.cpp.h; path = BufferQueue.hpp; sourceTree = "<group>"; };
		4FC64E401F5D90480030CE92 /* SocketException.cpp */ = {isa = PBXFileReference; lastKnownFileType = sourcecode.cpp.cpp; path = SocketException.cpp; sourceTree = "<group>"; };
		4FC64E411F5D90480030CE92 /* SocketException.hpp */ = {isa = PBXFileReference; lastKnownFileType = sourcecode.cpp.h; path = SocketException.hpp; sourceTree = "<group>"; };
		4FC64E471F5DB9410030CE92 /* test_DNS */ = {isa = PBXFileReference; explicitFileType = "compiled.mach-o.executable"; includeInIndex = 0; path = test_DNS; sourceTree = BUILT_PRODUCTS_DIR; };
		4FC64E491F5DB9410030CE92 /* main.c */ = {isa = PBXFileReference; lastKnownFileType = sourcecode.c.c; path = main.c; sourceTree = "<group>"; };
/* End PBXFileReference section */

/* Begin PBXFrameworksBuildPhase section */
		4F0B34551F5F1DBD007ACCF6 /* Frameworks */ = {
			isa = PBXFrameworksBuildPhase;
			buildActionMask = 2147483647;
			files = (
			);
			runOnlyForDeploymentPostprocessing = 0;
		};
		4FC64E0E1F5D89A50030CE92 /* Frameworks */ = {
			isa = PBXFrameworksBuildPhase;
			buildActionMask = 2147483647;
			files = (
			);
			runOnlyForDeploymentPostprocessing = 0;
		};
		4FC64E441F5DB9410030CE92 /* Frameworks */ = {
			isa = PBXFrameworksBuildPhase;
			buildActionMask = 2147483647;
			files = (
			);
			runOnlyForDeploymentPostprocessing = 0;
		};
/* End PBXFrameworksBuildPhase section */

/* Begin PBXGroup section */
		4F0B34591F5F1DBD007ACCF6 /* test_somethine */ = {
			isa = PBXGroup;
			children = (
				4F0B345A1F5F1DBD007ACCF6 /* main.cpp */,
			);
			path = test_somethine;
			sourceTree = "<group>";
		};
		4F0B34621F5FAFE4007ACCF6 /* ProtolSyntax */ = {
			isa = PBXGroup;
			children = (
				4F0B345F1F5FAFDA007ACCF6 /* ProtocolSyntax.cpp */,
				4F0B34601F5FAFDA007ACCF6 /* ProtocolSyntax.hpp */,
				4FC591E21F643600002DB17B /* Socks5 */,
				4FC591DB1F643574002DB17B /* Custom */,
				4F0B34691F5FE48B007ACCF6 /* EchoProtocol */,
			);
			path = ProtolSyntax;
			sourceTree = "<group>";
		};
		4F0B34691F5FE48B007ACCF6 /* EchoProtocol */ = {
			isa = PBXGroup;
			children = (
				4F0B34631F5FB04B007ACCF6 /* EchoProtocolSyntaxAdapter.cpp */,
				4F0B34641F5FB04B007ACCF6 /* EchoProtocolSyntaxAdapter.hpp */,
				4F0B34661F5FC0F9007ACCF6 /* ConsoleEchoProtocolSyntaxAdapter.cpp */,
				4F0B34671F5FC0F9007ACCF6 /* ConsoleEchoProtocolSyntaxAdapter.hpp */,
			);
			path = EchoProtocol;
			sourceTree = "<group>";
		};
		4FC591DB1F643574002DB17B /* Custom */ = {
			isa = PBXGroup;
			children = (
				4F0B346A1F5FE5BF007ACCF6 /* CustomSyntaxAdapter.cpp */,
				4F0B346B1F5FE5BF007ACCF6 /* CustomSyntaxAdapter.hpp */,
			);
			path = Custom;
			sourceTree = "<group>";
		};
		4FC591E21F643600002DB17B /* Socks5 */ = {
			isa = PBXGroup;
			children = (
				4FC591DF1F6435F9002DB17B /* Socks5ProtocolSyntaxAdapter.cpp */,
				4FC591E01F6435F9002DB17B /* Socks5ProtocolSyntaxAdapter.hpp */,
				4FC591E61F66DF2A002DB17B /* Socks5State.cpp */,
				4FC591E71F66DF2A002DB17B /* Socks5State.hpp */,
				4FC591E91F66E3CE002DB17B /* Socks5AuthState.cpp */,
				4FC591EA1F66E3CE002DB17B /* Socks5AuthState.hpp */,
				4FC591EC1F66E3FB002DB17B /* Socks5TransmitState.cpp */,
				4FC591ED1F66E3FB002DB17B /* Socks5TransmitState.hpp */,
				4FC591F21F696D77002DB17B /* Socks5LinkRequestState.cpp */,
				4FC591F31F696D77002DB17B /* Socks5LinkRequestState.hpp */,
			);
			path = Socks5;
			sourceTree = "<group>";
		};
		4FC64E081F5D89A50030CE92 = {
			isa = PBXGroup;
			children = (
				4FC64E131F5D89A50030CE92 /* EventPP */,
				4FC64E481F5DB9410030CE92 /* test_DNS */,
				4F0B34591F5F1DBD007ACCF6 /* test_somethine */,
				4FC64E121F5D89A50030CE92 /* Products */,
			);
			sourceTree = "<group>";
		};
		4FC64E121F5D89A50030CE92 /* Products */ = {
			isa = PBXGroup;
			children = (
				4FC64E111F5D89A50030CE92 /* EventPP */,
				4FC64E471F5DB9410030CE92 /* test_DNS */,
				4F0B34581F5F1DBD007ACCF6 /* test_somethine */,
			);
			name = Products;
			sourceTree = "<group>";
		};
		4FC64E131F5D89A50030CE92 /* EventPP */ = {
			isa = PBXGroup;
			children = (
				4FC64E141F5D89A50030CE92 /* main.cpp */,
				4FC64E401F5D90480030CE92 /* SocketException.cpp */,
				4FC64E411F5D90480030CE92 /* SocketException.hpp */,
				4FC64E1B1F5D8A190030CE92 /* SocketAddress.cpp */,
				4FC64E1C1F5D8A190030CE92 /* SocketAddress.hpp */,
				4FC64E1E1F5D8A2C0030CE92 /* EventCallbackInterface.cpp */,
				4FC64E1F1F5D8A2C0030CE92 /* EventCallbackInterface.hpp */,
				4F0B34621F5FAFE4007ACCF6 /* ProtolSyntax */,
				4FC64E3C1F5D8AC90030CE92 /* TCP */,
				4FC64E3D1F5D8ACF0030CE92 /* UDP */,
				4FC64E3E1F5D8ADA0030CE92 /* Stream */,
				4FC64E3F1F5D8AE30030CE92 /* Buffer */,
			);
			path = EventPP;
			sourceTree = "<group>";
		};
		4FC64E3C1F5D8AC90030CE92 /* TCP */ = {
			isa = PBXGroup;
			children = (
				4F912B481F63EB1100A87CD2 /* TCPConnectionFactory.cpp */,
				4F912B491F63EB1100A87CD2 /* TCPConnectionFactory.hpp */,
				4FC64E211F5D8A410030CE92 /* TCPServer.cpp */,
				4FC64E221F5D8A410030CE92 /* TCPServer.hpp */,
				4FC64E271F5D8A600030CE92 /* TCPConnection.cpp */,
				4FC64E281F5D8A600030CE92 /* TCPConnection.hpp */,
			);
			path = TCP;
			sourceTree = "<group>";
		};
		4FC64E3D1F5D8ACF0030CE92 /* UDP */ = {
			isa = PBXGroup;
			children = (
				4FC64E241F5D8A4B0030CE92 /* UDPServer.cpp */,
				4FC64E251F5D8A4B0030CE92 /* UDPServer.hpp */,
				4FC64E2A1F5D8A6E0030CE92 /* UDPConnection.cpp */,
				4FC64E2B1F5D8A6E0030CE92 /* UDPConnection.hpp */,
			);
			path = UDP;
			sourceTree = "<group>";
		};
		4FC64E3E1F5D8ADA0030CE92 /* Stream */ = {
			isa = PBXGroup;
			children = (
				4FC64E331F5D8A8B0030CE92 /* Stream.cpp */,
				4FC64E341F5D8A8B0030CE92 /* Stream.hpp */,
			);
			path = Stream;
			sourceTree = "<group>";
		};
		4FC64E3F1F5D8AE30030CE92 /* Buffer */ = {
			isa = PBXGroup;
			children = (
				4F0B34511F5EB558007ACCF6 /* EvBufferAdapter.cpp */,
				4F0B34521F5EB558007ACCF6 /* EvBufferAdapter.hpp */,
				4FC64E361F5D8AB10030CE92 /* Buffer.cpp */,
				4FC64E371F5D8AB10030CE92 /* Buffer.hpp */,
				4FC64E391F5D8ABC0030CE92 /* BufferQueue.cpp */,
				4FC64E3A1F5D8ABC0030CE92 /* BufferQueue.hpp */,
			);
			path = Buffer;
			sourceTree = "<group>";
		};
		4FC64E481F5DB9410030CE92 /* test_DNS */ = {
			isa = PBXGroup;
			children = (
				4FC64E491F5DB9410030CE92 /* main.c */,
			);
			path = test_DNS;
			sourceTree = "<group>";
		};
/* End PBXGroup section */

/* Begin PBXNativeTarget section */
		4F0B34571F5F1DBD007ACCF6 /* test_somethine */ = {
			isa = PBXNativeTarget;
			buildConfigurationList = 4F0B345C1F5F1DBD007ACCF6 /* Build configuration list for PBXNativeTarget "test_somethine" */;
			buildPhases = (
				4F0B34541F5F1DBD007ACCF6 /* Sources */,
				4F0B34551F5F1DBD007ACCF6 /* Frameworks */,
				4F0B34561F5F1DBD007ACCF6 /* CopyFiles */,
			);
			buildRules = (
			);
			dependencies = (
			);
			name = test_somethine;
			productName = test_somethine;
			productReference = 4F0B34581F5F1DBD007ACCF6 /* test_somethine */;
			productType = "com.apple.product-type.tool";
		};
		4FC64E101F5D89A50030CE92 /* EventPP */ = {
			isa = PBXNativeTarget;
			buildConfigurationList = 4FC64E181F5D89A50030CE92 /* Build configuration list for PBXNativeTarget "EventPP" */;
			buildPhases = (
				4FC64E0D1F5D89A50030CE92 /* Sources */,
				4FC64E0E1F5D89A50030CE92 /* Frameworks */,
				4FC64E0F1F5D89A50030CE92 /* CopyFiles */,
			);
			buildRules = (
			);
			dependencies = (
			);
			name = EventPP;
			productName = EventPP;
			productReference = 4FC64E111F5D89A50030CE92 /* EventPP */;
			productType = "com.apple.product-type.tool";
		};
		4FC64E461F5DB9410030CE92 /* test_DNS */ = {
			isa = PBXNativeTarget;
			buildConfigurationList = 4FC64E4B1F5DB9410030CE92 /* Build configuration list for PBXNativeTarget "test_DNS" */;
			buildPhases = (
				4FC64E431F5DB9410030CE92 /* Sources */,
				4FC64E441F5DB9410030CE92 /* Frameworks */,
				4FC64E451F5DB9410030CE92 /* CopyFiles */,
			);
			buildRules = (
			);
			dependencies = (
			);
			name = test_DNS;
			productName = test_DNS;
			productReference = 4FC64E471F5DB9410030CE92 /* test_DNS */;
			productType = "com.apple.product-type.tool";
		};
/* End PBXNativeTarget section */

/* Begin PBXProject section */
		4FC64E091F5D89A50030CE92 /* Project object */ = {
			isa = PBXProject;
			attributes = {
				LastUpgradeCheck = 0900;
				ORGANIZATIONNAME = CmST0us;
				TargetAttributes = {
					4F0B34571F5F1DBD007ACCF6 = {
						CreatedOnToolsVersion = 9.0;
					};
					4FC64E101F5D89A50030CE92 = {
						CreatedOnToolsVersion = 9.0;
					};
					4FC64E461F5DB9410030CE92 = {
						CreatedOnToolsVersion = 9.0;
					};
				};
			};
			buildConfigurationList = 4FC64E0C1F5D89A50030CE92 /* Build configuration list for PBXProject "EventPP" */;
			compatibilityVersion = "Xcode 8.0";
			developmentRegion = en;
			hasScannedForEncodings = 0;
			knownRegions = (
				en,
			);
			mainGroup = 4FC64E081F5D89A50030CE92;
			productRefGroup = 4FC64E121F5D89A50030CE92 /* Products */;
			projectDirPath = "";
			projectRoot = "";
			targets = (
				4FC64E101F5D89A50030CE92 /* EventPP */,
				4FC64E461F5DB9410030CE92 /* test_DNS */,
				4F0B34571F5F1DBD007ACCF6 /* test_somethine */,
			);
		};
/* End PBXProject section */

/* Begin PBXSourcesBuildPhase section */
		4F0B34541F5F1DBD007ACCF6 /* Sources */ = {
			isa = PBXSourcesBuildPhase;
			buildActionMask = 2147483647;
			files = (
				4F0B345B1F5F1DBD007ACCF6 /* main.cpp in Sources */,
			);
			runOnlyForDeploymentPostprocessing = 0;
		};
		4FC64E0D1F5D89A50030CE92 /* Sources */ = {
			isa = PBXSourcesBuildPhase;
			buildActionMask = 2147483647;
			files = (
				4FC591EB1F66E3CE002DB17B /* Socks5AuthState.cpp in Sources */,
				4FC64E231F5D8A410030CE92 /* TCPServer.cpp in Sources */,
				4FC591E81F66DF2A002DB17B /* Socks5State.cpp in Sources */,
				4F0B34651F5FB04B007ACCF6 /* EchoProtocolSyntaxAdapter.cpp in Sources */,
				4F0B34681F5FC0F9007ACCF6 /* ConsoleEchoProtocolSyntaxAdapter.cpp in Sources */,
				4FC591F41F696D77002DB17B /* Socks5LinkRequestState.cpp in Sources */,
				4FC64E151F5D89A50030CE92 /* main.cpp in Sources */,
				4F0B34531F5EB558007ACCF6 /* EvBufferAdapter.cpp in Sources */,
				4FC64E421F5D90480030CE92 /* SocketException.cpp in Sources */,
				4F0B34611F5FAFDA007ACCF6 /* ProtocolSyntax.cpp in Sources */,
				4FC64E201F5D8A2C0030CE92 /* EventCallbackInterface.cpp in Sources */,
				4FC64E381F5D8AB10030CE92 /* Buffer.cpp in Sources */,
				4FC591E11F6435F9002DB17B /* Socks5ProtocolSyntaxAdapter.cpp in Sources */,
				4FC64E2C1F5D8A6E0030CE92 /* UDPConnection.cpp in Sources */,
				4F912B4A1F63EB1100A87CD2 /* TCPConnectionFactory.cpp in Sources */,
				4FC64E1D1F5D8A190030CE92 /* SocketAddress.cpp in Sources */,
				4F0B346C1F5FE5BF007ACCF6 /* CustomSyntaxAdapter.cpp in Sources */,
				4FC591EE1F66E3FB002DB17B /* Socks5TransmitState.cpp in Sources */,
				4FC64E3B1F5D8ABC0030CE92 /* BufferQueue.cpp in Sources */,
				4FC64E261F5D8A4B0030CE92 /* UDPServer.cpp in Sources */,
				4FC64E351F5D8A8B0030CE92 /* Stream.cpp in Sources */,
				4FC64E291F5D8A600030CE92 /* TCPConnection.cpp in Sources */,
			);
			runOnlyForDeploymentPostprocessing = 0;
		};
		4FC64E431F5DB9410030CE92 /* Sources */ = {
			isa = PBXSourcesBuildPhase;
			buildActionMask = 2147483647;
			files = (
				4FC64E4A1F5DB9410030CE92 /* main.c in Sources */,
			);
			runOnlyForDeploymentPostprocessing = 0;
		};
/* End PBXSourcesBuildPhase section */

/* Begin XCBuildConfiguration section */
		4F0B345D1F5F1DBD007ACCF6 /* Debug */ = {
			isa = XCBuildConfiguration;
			buildSettings = {
				DEVELOPMENT_TEAM = 2VQ94C2355;
				PRODUCT_NAME = "$(TARGET_NAME)";
			};
			name = Debug;
		};
		4F0B345E1F5F1DBD007ACCF6 /* Release */ = {
			isa = XCBuildConfiguration;
			buildSettings = {
				DEVELOPMENT_TEAM = 2VQ94C2355;
				PRODUCT_NAME = "$(TARGET_NAME)";
			};
			name = Release;
		};
		4FC64E161F5D89A50030CE92 /* Debug */ = {
			isa = XCBuildConfiguration;
			buildSettings = {
				ALWAYS_SEARCH_USER_PATHS = NO;
				CLANG_ANALYZER_NONNULL = YES;
				CLANG_ANALYZER_NUMBER_OBJECT_CONVERSION = YES_AGGRESSIVE;
				CLANG_CXX_LANGUAGE_STANDARD = "gnu++14";
				CLANG_CXX_LIBRARY = "libc++";
				CLANG_ENABLE_MODULES = YES;
				CLANG_ENABLE_OBJC_ARC = YES;
				CLANG_WARN_BLOCK_CAPTURE_AUTORELEASING = YES;
				CLANG_WARN_BOOL_CONVERSION = YES;
				CLANG_WARN_COMMA = YES;
				CLANG_WARN_CONSTANT_CONVERSION = YES;
				CLANG_WARN_DIRECT_OBJC_ISA_USAGE = YES_ERROR;
				CLANG_WARN_DOCUMENTATION_COMMENTS = YES;
				CLANG_WARN_EMPTY_BODY = YES;
				CLANG_WARN_ENUM_CONVERSION = YES;
				CLANG_WARN_INFINITE_RECURSION = YES;
				CLANG_WARN_INT_CONVERSION = YES;
				CLANG_WARN_OBJC_ROOT_CLASS = YES_ERROR;
				CLANG_WARN_RANGE_LOOP_ANALYSIS = YES;
				CLANG_WARN_STRICT_PROTOTYPES = YES;
				CLANG_WARN_SUSPICIOUS_MOVE = YES;
				CLANG_WARN_UNGUARDED_AVAILABILITY = YES_AGGRESSIVE;
				CLANG_WARN_UNREACHABLE_CODE = YES;
				CLANG_WARN__DUPLICATE_METHOD_MATCH = YES;
				CODE_SIGN_IDENTITY = "Mac Developer";
				COPY_PHASE_STRIP = NO;
				DEBUG_INFORMATION_FORMAT = dwarf;
				ENABLE_STRICT_OBJC_MSGSEND = YES;
				ENABLE_TESTABILITY = YES;
				GCC_C_LANGUAGE_STANDARD = gnu11;
				GCC_DYNAMIC_NO_PIC = NO;
				GCC_NO_COMMON_BLOCKS = YES;
				GCC_OPTIMIZATION_LEVEL = 0;
				GCC_PREPROCESSOR_DEFINITIONS = (
					"DEBUG=1",
					"$(inherited)",
				);
				GCC_WARN_64_TO_32_BIT_CONVERSION = YES;
				GCC_WARN_ABOUT_RETURN_TYPE = YES_ERROR;
				GCC_WARN_UNDECLARED_SELECTOR = YES;
				GCC_WARN_UNINITIALIZED_AUTOS = YES_AGGRESSIVE;
				GCC_WARN_UNUSED_FUNCTION = YES;
				GCC_WARN_UNUSED_VARIABLE = YES;
				HEADER_SEARCH_PATHS = /Users/cmst0us/opt/usr/include;
				LIBRARY_SEARCH_PATHS = /Users/cmst0us/opt/usr/lib;
				MACOSX_DEPLOYMENT_TARGET = 10.12;
				MTL_ENABLE_DEBUG_INFO = YES;
				ONLY_ACTIVE_ARCH = YES;
				OTHER_LDFLAGS = (
					"-levent_core",
					"-levent_extra",
					"-levent_pthreads",
					"-levent",
				);
				SDKROOT = macosx;
			};
			name = Debug;
		};
		4FC64E171F5D89A50030CE92 /* Release */ = {
			isa = XCBuildConfiguration;
			buildSettings = {
				ALWAYS_SEARCH_USER_PATHS = NO;
				CLANG_ANALYZER_NONNULL = YES;
				CLANG_ANALYZER_NUMBER_OBJECT_CONVERSION = YES_AGGRESSIVE;
				CLANG_CXX_LANGUAGE_STANDARD = "gnu++14";
				CLANG_CXX_LIBRARY = "libc++";
				CLANG_ENABLE_MODULES = YES;
				CLANG_ENABLE_OBJC_ARC = YES;
				CLANG_WARN_BLOCK_CAPTURE_AUTORELEASING = YES;
				CLANG_WARN_BOOL_CONVERSION = YES;
				CLANG_WARN_COMMA = YES;
				CLANG_WARN_CONSTANT_CONVERSION = YES;
				CLANG_WARN_DIRECT_OBJC_ISA_USAGE = YES_ERROR;
				CLANG_WARN_DOCUMENTATION_COMMENTS = YES;
				CLANG_WARN_EMPTY_BODY = YES;
				CLANG_WARN_ENUM_CONVERSION = YES;
				CLANG_WARN_INFINITE_RECURSION = YES;
				CLANG_WARN_INT_CONVERSION = YES;
				CLANG_WARN_OBJC_ROOT_CLASS = YES_ERROR;
				CLANG_WARN_RANGE_LOOP_ANALYSIS = YES;
				CLANG_WARN_STRICT_PROTOTYPES = YES;
				CLANG_WARN_SUSPICIOUS_MOVE = YES;
				CLANG_WARN_UNGUARDED_AVAILABILITY = YES_AGGRESSIVE;
				CLANG_WARN_UNREACHABLE_CODE = YES;
				CLANG_WARN__DUPLICATE_METHOD_MATCH = YES;
				CODE_SIGN_IDENTITY = "Mac Developer";
				COPY_PHASE_STRIP = NO;
				DEBUG_INFORMATION_FORMAT = "dwarf-with-dsym";
				ENABLE_NS_ASSERTIONS = NO;
				ENABLE_STRICT_OBJC_MSGSEND = YES;
				GCC_C_LANGUAGE_STANDARD = gnu11;
				GCC_NO_COMMON_BLOCKS = YES;
				GCC_WARN_64_TO_32_BIT_CONVERSION = YES;
				GCC_WARN_ABOUT_RETURN_TYPE = YES_ERROR;
				GCC_WARN_UNDECLARED_SELECTOR = YES;
				GCC_WARN_UNINITIALIZED_AUTOS = YES_AGGRESSIVE;
				GCC_WARN_UNUSED_FUNCTION = YES;
				GCC_WARN_UNUSED_VARIABLE = YES;
				HEADER_SEARCH_PATHS = /Users/cmst0us/opt/usr/include;
				LIBRARY_SEARCH_PATHS = /Users/cmst0us/opt/usr/lib;
				MACOSX_DEPLOYMENT_TARGET = 10.12;
				MTL_ENABLE_DEBUG_INFO = NO;
				OTHER_LDFLAGS = (
					"-levent_core",
					"-levent_extra",
					"-levent_pthreads",
					"-levent",
				);
				SDKROOT = macosx;
			};
			name = Release;
		};
		4FC64E191F5D89A50030CE92 /* Debug */ = {
			isa = XCBuildConfiguration;
			buildSettings = {
				DEVELOPMENT_TEAM = 2VQ94C2355;
				HEADER_SEARCH_PATHS = /Users/cmst0us/opt/usr/include;
				LIBRARY_SEARCH_PATHS = /Users/cmst0us/opt/usr/lib;
				PRODUCT_NAME = "$(TARGET_NAME)";
			};
			name = Debug;
		};
		4FC64E1A1F5D89A50030CE92 /* Release */ = {
			isa = XCBuildConfiguration;
			buildSettings = {
				DEVELOPMENT_TEAM = 2VQ94C2355;
				HEADER_SEARCH_PATHS = /Users/cmst0us/opt/usr/include;
				LIBRARY_SEARCH_PATHS = /Users/cmst0us/opt/usr/lib;
				PRODUCT_NAME = "$(TARGET_NAME)";
			};
			name = Release;
		};
		4FC64E4C1F5DB9410030CE92 /* Debug */ = {
			isa = XCBuildConfiguration;
			buildSettings = {
				DEVELOPMENT_TEAM = 2VQ94C2355;
				PRODUCT_NAME = "$(TARGET_NAME)";
			};
			name = Debug;
		};
		4FC64E4D1F5DB9410030CE92 /* Release */ = {
			isa = XCBuildConfiguration;
			buildSettings = {
				DEVELOPMENT_TEAM = 2VQ94C2355;
				PRODUCT_NAME = "$(TARGET_NAME)";
			};
			name = Release;
		};
/* End XCBuildConfiguration section */

/* Begin XCConfigurationList section */
		4F0B345C1F5F1DBD007ACCF6 /* Build configuration list for PBXNativeTarget "test_somethine" */ = {
			isa = XCConfigurationList;
			buildConfigurations = (
				4F0B345D1F5F1DBD007ACCF6 /* Debug */,
				4F0B345E1F5F1DBD007ACCF6 /* Release */,
			);
			defaultConfigurationIsVisible = 0;
			defaultConfigurationName = Release;
		};
		4FC64E0C1F5D89A50030CE92 /* Build configuration list for PBXProject "EventPP" */ = {
			isa = XCConfigurationList;
			buildConfigurations = (
				4FC64E161F5D89A50030CE92 /* Debug */,
				4FC64E171F5D89A50030CE92 /* Release */,
			);
			defaultConfigurationIsVisible = 0;
			defaultConfigurationName = Release;
		};
		4FC64E181F5D89A50030CE92 /* Build configuration list for PBXNativeTarget "EventPP" */ = {
			isa = XCConfigurationList;
			buildConfigurations = (
				4FC64E191F5D89A50030CE92 /* Debug */,
				4FC64E1A1F5D89A50030CE92 /* Release */,
			);
			defaultConfigurationIsVisible = 0;
			defaultConfigurationName = Release;
		};
		4FC64E4B1F5DB9410030CE92 /* Build configuration list for PBXNativeTarget "test_DNS" */ = {
			isa = XCConfigurationList;
			buildConfigurations = (
				4FC64E4C1F5DB9410030CE92 /* Debug */,
				4FC64E4D1F5DB9410030CE92 /* Release */,
			);
			defaultConfigurationIsVisible = 0;
			defaultConfigurationName = Release;
		};
/* End XCConfigurationList section */
	};
	rootObject = 4FC64E091F5D89A50030CE92 /* Project object */;
}
